PODS:
  - CocoaLumberjack (2.4.0):
    - CocoaLumberjack/Default (= 2.4.0)
    - CocoaLumberjack/Extensions (= 2.4.0)
  - CocoaLumberjack/Core (2.4.0)
  - CocoaLumberjack/Default (2.4.0):
    - CocoaLumberjack/Core
  - CocoaLumberjack/Extensions (2.4.0):
    - CocoaLumberjack/Default
  - Reachability (3.2)
  - YaftDB (0.2.0):
    - YapDatabase (~> 2.9)
  - YapDatabase (2.9.2):
    - YapDatabase/Standard (= 2.9.2)
  - YapDatabase/Standard (2.9.2):
    - YapDatabase/Standard/Core (= 2.9.2)
    - YapDatabase/Standard/Extensions (= 2.9.2)
  - YapDatabase/Standard/Core (2.9.2):
    - CocoaLumberjack (~> 2)
  - YapDatabase/Standard/Extensions (2.9.2):
    - YapDatabase/Standard/Core
    - YapDatabase/Standard/Extensions/ActionManager (= 2.9.2)
    - YapDatabase/Standard/Extensions/CloudKit (= 2.9.2)
    - YapDatabase/Standard/Extensions/ConnectionProxy (= 2.9.2)
    - YapDatabase/Standard/Extensions/CrossProcessNotification (= 2.9.2)
    - YapDatabase/Standard/Extensions/FilteredViews (= 2.9.2)
    - YapDatabase/Standard/Extensions/FullTextSearch (= 2.9.2)
    - YapDatabase/Standard/Extensions/Hooks (= 2.9.2)
    - YapDatabase/Standard/Extensions/Relationships (= 2.9.2)
    - YapDatabase/Standard/Extensions/RTreeIndex (= 2.9.2)
    - YapDatabase/Standard/Extensions/SearchResults (= 2.9.2)
    - YapDatabase/Standard/Extensions/SecondaryIndex (= 2.9.2)
    - YapDatabase/Standard/Extensions/Views (= 2.9.2)
  - YapDatabase/Standard/Extensions/ActionManager (2.9.2):
    - Reachability (~> 3)
    - YapDatabase/Standard/Core
    - YapDatabase/Standard/Extensions/Views
  - YapDatabase/Standard/Extensions/CloudKit (2.9.2):
    - YapDatabase/Standard/Core
  - YapDatabase/Standard/Extensions/ConnectionProxy (2.9.2):
    - YapDatabase/Standard/Core
  - YapDatabase/Standard/Extensions/CrossProcessNotification (2.9.2):
    - YapDatabase/Standard/Core
  - YapDatabase/Standard/Extensions/FilteredViews (2.9.2):
    - YapDatabase/Standard/Core
    - YapDatabase/Standard/Extensions/Views
  - YapDatabase/Standard/Extensions/FullTextSearch (2.9.2):
    - YapDatabase/Standard/Core
  - YapDatabase/Standard/Extensions/Hooks (2.9.2):
    - YapDatabase/Standard/Core
  - YapDatabase/Standard/Extensions/Relationships (2.9.2):
    - YapDatabase/Standard/Core
  - YapDatabase/Standard/Extensions/RTreeIndex (2.9.2):
    - YapDatabase/Standard/Core
  - YapDatabase/Standard/Extensions/SearchResults (2.9.2):
    - YapDatabase/Standard/Core
    - YapDatabase/Standard/Extensions/FullTextSearch
    - YapDatabase/Standard/Extensions/Views
  - YapDatabase/Standard/Extensions/SecondaryIndex (2.9.2):
    - YapDatabase/Standard/Core
  - YapDatabase/Standard/Extensions/Views (2.9.2):
    - YapDatabase/Standard/Core

DEPENDENCIES:
  - YaftDB (from `../`)

EXTERNAL SOURCES:
  YaftDB:
    :path: ../

SPEC CHECKSUMS:
  CocoaLumberjack: aa9dcab71bdf9eaf2a63bbd9ddc87863efe45457
  Reachability: 33e18b67625424e47b6cde6d202dce689ad7af96
  YaftDB: 3e9e8761655103b66301e8833396b22dffcc5750
  YapDatabase: b1e43555a34a5298e23a045be96817a5ef0da58f

PODFILE CHECKSUM: aa29f917390eaa54012544f16d0f49e011bb900f

COCOAPODS: 1.1.0.rc.3
