// !$*UTF8*$!
{
	archiveVersion = 1;
	classes = {
	};
	objectVersion = 46;
	objects = {

/* Begin PBXBuildFile section */
		66BA38331C526C1100324F0C /* Tests.swift in Sources */ = {isa = PBXBuildFile; fileRef = 66BA38311C526C1100324F0C /* Tests.swift */; };
		A6F60BB9C26CBF83CD4C6BE2 /* Pods_YaftDB_Tests.framework in Frameworks */ = {isa = PBXBuildFile; fileRef = 0E0DE0DFDC5C483C1D8616D9 /* Pods_YaftDB_Tests.framework */; };
/* End PBXBuildFile section */

/* Begin PBXFileReference section */
		0E0DE0DFDC5C483C1D8616D9 /* Pods_YaftDB_Tests.framework */ = {isa = PBXFileReference; explicitFileType = wrapper.framework; includeInIndex = 0; path = Pods_YaftDB_Tests.framework; sourceTree = BUILT_PRODUCTS_DIR; };
		2E5EF76B647F441E2CDE9300 /* Pods-YaftDB_Tests.release.xcconfig */ = {isa = PBXFileReference; includeInIndex = 1; lastKnownFileType = text.xcconfig; name = "Pods-YaftDB_Tests.release.xcconfig"; path = "Example/Pods/Target Support Files/Pods-YaftDB_Tests/Pods-YaftDB_Tests.release.xcconfig"; sourceTree = "<group>"; };
		6627FBD81C517B6D002A927F /* Cache.swift */ = {isa = PBXFileReference; fileEncoding = 4; lastKnownFileType = sourcecode.swift; path = Cache.swift; sourceTree = "<group>"; };
		6627FBD91C517B6D002A927F /* CacheCollection.swift */ = {isa = PBXFileReference; fileEncoding = 4; lastKnownFileType = sourcecode.swift; path = CacheCollection.swift; sourceTree = "<group>"; };
		6627FBDA1C517B6D002A927F /* CacheObject.swift */ = {isa = PBXFileReference; fileEncoding = 4; lastKnownFileType = sourcecode.swift; path = CacheObject.swift; sourceTree = "<group>"; };
		6627FBDB1C517B6D002A927F /* CacheObjectMetadata.swift */ = {isa = PBXFileReference; fileEncoding = 4; lastKnownFileType = sourcecode.swift; path = CacheObjectMetadata.swift; sourceTree = "<group>"; };
		6627FBE01C517B6D002A927F /* InvalidCacheObject.swift */ = {isa = PBXFileReference; fileEncoding = 4; lastKnownFileType = sourcecode.swift; path = InvalidCacheObject.swift; sourceTree = "<group>"; };
		6627FBE21C517B6D002A927F /* CacheCollectionViewObserver.swift */ = {isa = PBXFileReference; fileEncoding = 4; lastKnownFileType = sourcecode.swift; path = CacheCollectionViewObserver.swift; sourceTree = "<group>"; };
		6627FBE31C517B6D002A927F /* CacheObjectObserver.swift */ = {isa = PBXFileReference; fileEncoding = 4; lastKnownFileType = sourcecode.swift; path = CacheObjectObserver.swift; sourceTree = "<group>"; };
		6627FBE51C517B6D002A927F /* CacheCollectionFilteredView.swift */ = {isa = PBXFileReference; fileEncoding = 4; lastKnownFileType = sourcecode.swift; path = CacheCollectionFilteredView.swift; sourceTree = "<group>"; };
		6627FBE61C517B6D002A927F /* CacheCollectionView.swift */ = {isa = PBXFileReference; fileEncoding = 4; lastKnownFileType = sourcecode.swift; path = CacheCollectionView.swift; sourceTree = "<group>"; };
		6627FBF31C517B8E002A927F /* CacheObjectCoder.swift */ = {isa = PBXFileReference; fileEncoding = 4; lastKnownFileType = sourcecode.swift; path = CacheObjectCoder.swift; sourceTree = "<group>"; };
		6627FBF41C517B8E002A927F /* CacheObjectMetadataCoder.swift */ = {isa = PBXFileReference; fileEncoding = 4; lastKnownFileType = sourcecode.swift; path = CacheObjectMetadataCoder.swift; sourceTree = "<group>"; };
		66BA38271C526BE900324F0C /* YaftDB_Tests.xctest */ = {isa = PBXFileReference; explicitFileType = wrapper.cfbundle; includeInIndex = 0; path = YaftDB_Tests.xctest; sourceTree = BUILT_PRODUCTS_DIR; };
		66BA38301C526C1100324F0C /* Info.plist */ = {isa = PBXFileReference; fileEncoding = 4; lastKnownFileType = text.plist.xml; path = Info.plist; sourceTree = "<group>"; };
		66BA38311C526C1100324F0C /* Tests.swift */ = {isa = PBXFileReference; fileEncoding = 4; lastKnownFileType = sourcecode.swift; path = Tests.swift; sourceTree = "<group>"; };
		8A5227C67C36AAAB9233532E /* Pods-YaftDB_Tests.debug.xcconfig */ = {isa = PBXFileReference; includeInIndex = 1; lastKnownFileType = text.xcconfig; name = "Pods-YaftDB_Tests.debug.xcconfig"; path = "Example/Pods/Target Support Files/Pods-YaftDB_Tests/Pods-YaftDB_Tests.debug.xcconfig"; sourceTree = "<group>"; };
/* End PBXFileReference section */

/* Begin PBXFrameworksBuildPhase section */
		66BA38241C526BE900324F0C /* Frameworks */ = {
			isa = PBXFrameworksBuildPhase;
			buildActionMask = 2147483647;
			files = (
				A6F60BB9C26CBF83CD4C6BE2 /* Pods_YaftDB_Tests.framework in Frameworks */,
			);
			runOnlyForDeploymentPostprocessing = 0;
		};
/* End PBXFrameworksBuildPhase section */

/* Begin PBXGroup section */
		607FACC71AFB9204008FA782 = {
			isa = PBXGroup;
			children = (
				6627FBD71C517B6D002A927F /* Source */,
				66BA382F1C526C1100324F0C /* Tests */,
				D0C08A39C9846F63F12316E9 /* Pods */,
				66BA383C1C526D3B00324F0C /* Products */,
			);
			sourceTree = "<group>";
		};
		6627FBD71C517B6D002A927F /* Source */ = {
			isa = PBXGroup;
			children = (
				6627FBDF1C517B6D002A927F /* Internal */,
				6627FBE11C517B6D002A927F /* Observer */,
				6627FBE41C517B6D002A927F /* View */,
				6627FBD81C517B6D002A927F /* Cache.swift */,
				6627FBD91C517B6D002A927F /* CacheCollection.swift */,
				6627FBDA1C517B6D002A927F /* CacheObject.swift */,
				6627FBDB1C517B6D002A927F /* CacheObjectMetadata.swift */,
			);
			path = Source;
			sourceTree = "<group>";
		};
		6627FBDF1C517B6D002A927F /* Internal */ = {
			isa = PBXGroup;
			children = (
				6627FBF21C517B8E002A927F /* Coding */,
				6627FBE01C517B6D002A927F /* InvalidCacheObject.swift */,
			);
			path = Internal;
			sourceTree = "<group>";
		};
		6627FBE11C517B6D002A927F /* Observer */ = {
			isa = PBXGroup;
			children = (
				6627FBE21C517B6D002A927F /* CacheCollectionViewObserver.swift */,
				6627FBE31C517B6D002A927F /* CacheObjectObserver.swift */,
			);
			path = Observer;
			sourceTree = "<group>";
		};
		6627FBE41C517B6D002A927F /* View */ = {
			isa = PBXGroup;
			children = (
				6627FBE51C517B6D002A927F /* CacheCollectionFilteredView.swift */,
				6627FBE61C517B6D002A927F /* CacheCollectionView.swift */,
			);
			path = View;
			sourceTree = "<group>";
		};
		6627FBF21C517B8E002A927F /* Coding */ = {
			isa = PBXGroup;
			children = (
				6627FBF31C517B8E002A927F /* CacheObjectCoder.swift */,
				6627FBF41C517B8E002A927F /* CacheObjectMetadataCoder.swift */,
			);
			path = Coding;
			sourceTree = "<group>";
		};
		66BA382F1C526C1100324F0C /* Tests */ = {
			isa = PBXGroup;
			children = (
				66BA38301C526C1100324F0C /* Info.plist */,
				66BA38311C526C1100324F0C /* Tests.swift */,
			);
			name = Tests;
			path = Example/Tests;
			sourceTree = "<group>";
		};
		66BA383C1C526D3B00324F0C /* Products */ = {
			isa = PBXGroup;
			children = (
				66BA38271C526BE900324F0C /* YaftDB_Tests.xctest */,
				0E0DE0DFDC5C483C1D8616D9 /* Pods_YaftDB_Tests.framework */,
			);
			name = Products;
			sourceTree = "<group>";
		};
		D0C08A39C9846F63F12316E9 /* Pods */ = {
			isa = PBXGroup;
			children = (
				8A5227C67C36AAAB9233532E /* Pods-YaftDB_Tests.debug.xcconfig */,
				2E5EF76B647F441E2CDE9300 /* Pods-YaftDB_Tests.release.xcconfig */,
			);
			name = Pods;
			sourceTree = "<group>";
		};
/* End PBXGroup section */

/* Begin PBXNativeTarget section */
		66BA38261C526BE900324F0C /* YaftDB_Tests */ = {
			isa = PBXNativeTarget;
			buildConfigurationList = 66BA382C1C526BE900324F0C /* Build configuration list for PBXNativeTarget "YaftDB_Tests" */;
			buildPhases = (
				070B454C7EE87A34CEE30F77 /* Check Pods Manifest.lock */,
				66BA38231C526BE900324F0C /* Sources */,
				66BA38241C526BE900324F0C /* Frameworks */,
				66BA38251C526BE900324F0C /* Resources */,
				2D76E0A4792777A13F44683D /* Embed Pods Frameworks */,
				1139B7F9B412266D0355A085 /* Copy Pods Resources */,
			);
			buildRules = (
			);
			dependencies = (
			);
			name = YaftDB_Tests;
			productName = YaftDB_Tests;
			productReference = 66BA38271C526BE900324F0C /* YaftDB_Tests.xctest */;
			productType = "com.apple.product-type.bundle.unit-test";
		};
/* End PBXNativeTarget section */

/* Begin PBXProject section */
		607FACC81AFB9204008FA782 /* Project object */ = {
			isa = PBXProject;
			attributes = {
				LastSwiftUpdateCheck = 0710;
				LastUpgradeCheck = 0720;
				ORGANIZATIONNAME = CocoaPods;
				TargetAttributes = {
					66BA38261C526BE900324F0C = {
						CreatedOnToolsVersion = 7.1;
					};
				};
			};
			buildConfigurationList = 607FACCB1AFB9204008FA782 /* Build configuration list for PBXProject "YaftDB" */;
			compatibilityVersion = "Xcode 3.2";
			developmentRegion = English;
			hasScannedForEncodings = 0;
			knownRegions = (
				en,
				Base,
			);
			mainGroup = 607FACC71AFB9204008FA782;
			productRefGroup = 607FACC71AFB9204008FA782;
			projectDirPath = "";
			projectRoot = "";
			targets = (
				66BA38261C526BE900324F0C /* YaftDB_Tests */,
			);
		};
/* End PBXProject section */

/* Begin PBXResourcesBuildPhase section */
		66BA38251C526BE900324F0C /* Resources */ = {
			isa = PBXResourcesBuildPhase;
			buildActionMask = 2147483647;
			files = (
			);
			runOnlyForDeploymentPostprocessing = 0;
		};
/* End PBXResourcesBuildPhase section */

/* Begin PBXShellScriptBuildPhase section */
		070B454C7EE87A34CEE30F77 /* Check Pods Manifest.lock */ = {
			isa = PBXShellScriptBuildPhase;
			buildActionMask = 2147483647;
			files = (
			);
			inputPaths = (
			);
			name = "Check Pods Manifest.lock";
			outputPaths = (
			);
			runOnlyForDeploymentPostprocessing = 0;
			shellPath = /bin/sh;
			shellScript = "diff \"${PODS_ROOT}/../Podfile.lock\" \"${PODS_ROOT}/Manifest.lock\" > /dev/null\nif [[ $? != 0 ]] ; then\n    cat << EOM\nerror: The sandbox is not in sync with the Podfile.lock. Run 'pod install' or update your CocoaPods installation.\nEOM\n    exit 1\nfi\n";
			showEnvVarsInLog = 0;
		};
		1139B7F9B412266D0355A085 /* Copy Pods Resources */ = {
			isa = PBXShellScriptBuildPhase;
			buildActionMask = 2147483647;
			files = (
			);
			inputPaths = (
			);
			name = "Copy Pods Resources";
			outputPaths = (
			);
			runOnlyForDeploymentPostprocessing = 0;
			shellPath = /bin/sh;
			shellScript = "\"${SRCROOT}/Example/Pods/Target Support Files/Pods-YaftDB_Tests/Pods-YaftDB_Tests-resources.sh\"\n";
			showEnvVarsInLog = 0;
		};
		2D76E0A4792777A13F44683D /* Embed Pods Frameworks */ = {
			isa = PBXShellScriptBuildPhase;
			buildActionMask = 2147483647;
			files = (
			);
			inputPaths = (
			);
			name = "Embed Pods Frameworks";
			outputPaths = (
			);
			runOnlyForDeploymentPostprocessing = 0;
			shellPath = /bin/sh;
			shellScript = "\"${SRCROOT}/Example/Pods/Target Support Files/Pods-YaftDB_Tests/Pods-YaftDB_Tests-frameworks.sh\"\n";
			showEnvVarsInLog = 0;
		};
/* End PBXShellScriptBuildPhase section */

/* Begin PBXSourcesBuildPhase section */
		66BA38231C526BE900324F0C /* Sources */ = {
			isa = PBXSourcesBuildPhase;
			buildActionMask = 2147483647;
			files = (
				66BA38331C526C1100324F0C /* Tests.swift in Sources */,
			);
			runOnlyForDeploymentPostprocessing = 0;
		};
/* End PBXSourcesBuildPhase section */

/* Begin XCBuildConfiguration section */
		607FACED1AFB9204008FA782 /* Debug */ = {
			isa = XCBuildConfiguration;
			buildSettings = {
				ALWAYS_SEARCH_USER_PATHS = NO;
				CLANG_CXX_LANGUAGE_STANDARD = "gnu++0x";
				CLANG_CXX_LIBRARY = "libc++";
				CLANG_ENABLE_MODULES = YES;
				CLANG_ENABLE_OBJC_ARC = YES;
				CLANG_WARN_BOOL_CONVERSION = YES;
				CLANG_WARN_CONSTANT_CONVERSION = YES;
				CLANG_WARN_DIRECT_OBJC_ISA_USAGE = YES_ERROR;
				CLANG_WARN_EMPTY_BODY = YES;
				CLANG_WARN_ENUM_CONVERSION = YES;
				CLANG_WARN_INT_CONVERSION = YES;
				CLANG_WARN_OBJC_ROOT_CLASS = YES_ERROR;
				CLANG_WARN_UNREACHABLE_CODE = YES;
				CLANG_WARN__DUPLICATE_METHOD_MATCH = YES;
				"CODE_SIGN_IDENTITY[sdk=iphoneos*]" = "iPhone Developer";
				COPY_PHASE_STRIP = NO;
				DEBUG_INFORMATION_FORMAT = "dwarf-with-dsym";
				ENABLE_STRICT_OBJC_MSGSEND = YES;
				ENABLE_TESTABILITY = YES;
				GCC_C_LANGUAGE_STANDARD = gnu99;
				GCC_DYNAMIC_NO_PIC = NO;
				GCC_NO_COMMON_BLOCKS = YES;
				GCC_OPTIMIZATION_LEVEL = 0;
				GCC_PREPROCESSOR_DEFINITIONS = (
					"DEBUG=1",
					"$(inherited)",
				);
				GCC_SYMBOLS_PRIVATE_EXTERN = NO;
				GCC_WARN_64_TO_32_BIT_CONVERSION = YES;
				GCC_WARN_ABOUT_RETURN_TYPE = YES_ERROR;
				GCC_WARN_UNDECLARED_SELECTOR = YES;
				GCC_WARN_UNINITIALIZED_AUTOS = YES_AGGRESSIVE;
				GCC_WARN_UNUSED_FUNCTION = YES;
				GCC_WARN_UNUSED_VARIABLE = YES;
				IPHONEOS_DEPLOYMENT_TARGET = 8.3;
				MTL_ENABLE_DEBUG_INFO = YES;
				ONLY_ACTIVE_ARCH = YES;
				SDKROOT = iphoneos;
				SWIFT_OPTIMIZATION_LEVEL = "-Onone";
			};
			name = Debug;
		};
		607FACEE1AFB9204008FA782 /* Release */ = {
			isa = XCBuildConfiguration;
			buildSettings = {
				ALWAYS_SEARCH_USER_PATHS = NO;
				CLANG_CXX_LANGUAGE_STANDARD = "gnu++0x";
				CLANG_CXX_LIBRARY = "libc++";
				CLANG_ENABLE_MODULES = YES;
				CLANG_ENABLE_OBJC_ARC = YES;
				CLANG_WARN_BOOL_CONVERSION = YES;
				CLANG_WARN_CONSTANT_CONVERSION = YES;
				CLANG_WARN_DIRECT_OBJC_ISA_USAGE = YES_ERROR;
				CLANG_WARN_EMPTY_BODY = YES;
				CLANG_WARN_ENUM_CONVERSION = YES;
				CLANG_WARN_INT_CONVERSION = YES;
				CLANG_WARN_OBJC_ROOT_CLASS = YES_ERROR;
				CLANG_WARN_UNREACHABLE_CODE = YES;
				CLANG_WARN__DUPLICATE_METHOD_MATCH = YES;
				"CODE_SIGN_IDENTITY[sdk=iphoneos*]" = "iPhone Developer";
				COPY_PHASE_STRIP = NO;
				DEBUG_INFORMATION_FORMAT = "dwarf-with-dsym";
				ENABLE_NS_ASSERTIONS = NO;
				ENABLE_STRICT_OBJC_MSGSEND = YES;
				GCC_C_LANGUAGE_STANDARD = gnu99;
				GCC_NO_COMMON_BLOCKS = YES;
				GCC_WARN_64_TO_32_BIT_CONVERSION = YES;
				GCC_WARN_ABOUT_RETURN_TYPE = YES_ERROR;
				GCC_WARN_UNDECLARED_SELECTOR = YES;
				GCC_WARN_UNINITIALIZED_AUTOS = YES_AGGRESSIVE;
				GCC_WARN_UNUSED_FUNCTION = YES;
				GCC_WARN_UNUSED_VARIABLE = YES;
				IPHONEOS_DEPLOYMENT_TARGET = 8.3;
				MTL_ENABLE_DEBUG_INFO = NO;
				SDKROOT = iphoneos;
				VALIDATE_PRODUCT = YES;
			};
			name = Release;
		};
		66BA382D1C526BE900324F0C /* Debug */ = {
			isa = XCBuildConfiguration;
			baseConfigurationReference = 8A5227C67C36AAAB9233532E /* Pods-YaftDB_Tests.debug.xcconfig */;
			buildSettings = {
				DEBUG_INFORMATION_FORMAT = dwarf;
				INFOPLIST_FILE = Example/Tests/Info.plist;
				IPHONEOS_DEPLOYMENT_TARGET = 9.1;
				LD_RUNPATH_SEARCH_PATHS = "$(inherited) @executable_path/Frameworks @loader_path/Frameworks";
				PRODUCT_BUNDLE_IDENTIFIER = "ru.kolyasev.YaftDB-Tests";
				PRODUCT_NAME = "$(TARGET_NAME)";
			};
			name = Debug;
		};
		66BA382E1C526BE900324F0C /* Release */ = {
			isa = XCBuildConfiguration;
			baseConfigurationReference = 2E5EF76B647F441E2CDE9300 /* Pods-YaftDB_Tests.release.xcconfig */;
			buildSettings = {
				INFOPLIST_FILE = Example/Tests/Info.plist;
				IPHONEOS_DEPLOYMENT_TARGET = 9.1;
				LD_RUNPATH_SEARCH_PATHS = "$(inherited) @executable_path/Frameworks @loader_path/Frameworks";
				PRODUCT_BUNDLE_IDENTIFIER = "ru.kolyasev.YaftDB-Tests";
				PRODUCT_NAME = "$(TARGET_NAME)";
			};
			name = Release;
		};
/* End XCBuildConfiguration section */

/* Begin XCConfigurationList section */
		607FACCB1AFB9204008FA782 /* Build configuration list for PBXProject "YaftDB" */ = {
			isa = XCConfigurationList;
			buildConfigurations = (
				607FACED1AFB9204008FA782 /* Debug */,
				607FACEE1AFB9204008FA782 /* Release */,
			);
			defaultConfigurationIsVisible = 0;
			defaultConfigurationName = Release;
		};
		66BA382C1C526BE900324F0C /* Build configuration list for PBXNativeTarget "YaftDB_Tests" */ = {
			isa = XCConfigurationList;
			buildConfigurations = (
				66BA382D1C526BE900324F0C /* Debug */,
				66BA382E1C526BE900324F0C /* Release */,
			);
			defaultConfigurationIsVisible = 0;
			defaultConfigurationName = Release;
		};
/* End XCConfigurationList section */
	};
	rootObject = 607FACC81AFB9204008FA782 /* Project object */;
}
