// !$*UTF8*$!
{
	archiveVersion = 1;
	classes = {
	};
	objectVersion = 46;
	objects = {

/* Begin PBXBuildFile section */
		6627FC481C52D5C1002A927F /* YaftDBTests.swift in Sources */ = {isa = PBXBuildFile; fileRef = 6627FC471C52D5C1002A927F /* YaftDBTests.swift */; };
		B5D6D7659AA13BAC8840A1FC /* Pods_YaftDBTests.framework in Frameworks */ = {isa = PBXBuildFile; fileRef = 5BA8E55CCA429A916564A4B3 /* Pods_YaftDBTests.framework */; };
/* End PBXBuildFile section */

/* Begin PBXFileReference section */
		5BA8E55CCA429A916564A4B3 /* Pods_YaftDBTests.framework */ = {isa = PBXFileReference; explicitFileType = wrapper.framework; includeInIndex = 0; path = Pods_YaftDBTests.framework; sourceTree = BUILT_PRODUCTS_DIR; };
		6627FC451C52D5C1002A927F /* YaftDBTests.xctest */ = {isa = PBXFileReference; explicitFileType = wrapper.cfbundle; includeInIndex = 0; path = YaftDBTests.xctest; sourceTree = BUILT_PRODUCTS_DIR; };
		6627FC471C52D5C1002A927F /* YaftDBTests.swift */ = {isa = PBXFileReference; lastKnownFileType = sourcecode.swift; path = YaftDBTests.swift; sourceTree = "<group>"; };
		6627FC491C52D5C1002A927F /* Info.plist */ = {isa = PBXFileReference; lastKnownFileType = text.plist.xml; path = Info.plist; sourceTree = "<group>"; };
		B81DE6142DB50BC02FCE00A9 /* Pods-YaftDBTests.debug.xcconfig */ = {isa = PBXFileReference; includeInIndex = 1; lastKnownFileType = text.xcconfig; name = "Pods-YaftDBTests.debug.xcconfig"; path = "Example/Pods/Target Support Files/Pods-YaftDBTests/Pods-YaftDBTests.debug.xcconfig"; sourceTree = "<group>"; };
		B86A6E9F30D33021FD53CFC2 /* Pods-YaftDBTests.release.xcconfig */ = {isa = PBXFileReference; includeInIndex = 1; lastKnownFileType = text.xcconfig; name = "Pods-YaftDBTests.release.xcconfig"; path = "Example/Pods/Target Support Files/Pods-YaftDBTests/Pods-YaftDBTests.release.xcconfig"; sourceTree = "<group>"; };
/* End PBXFileReference section */

/* Begin PBXFrameworksBuildPhase section */
		6627FC421C52D5C1002A927F /* Frameworks */ = {
			isa = PBXFrameworksBuildPhase;
			buildActionMask = 2147483647;
			files = (
				B5D6D7659AA13BAC8840A1FC /* Pods_YaftDBTests.framework in Frameworks */,
			);
			runOnlyForDeploymentPostprocessing = 0;
		};
/* End PBXFrameworksBuildPhase section */

/* Begin PBXGroup section */
		607FACC71AFB9204008FA782 = {
			isa = PBXGroup;
			children = (
				6627FC461C52D5C1002A927F /* YaftDBTests */,
				66C736891DB23CB8003DA29F /* Products */,
				83BBB733B1D53B0F3AC0235B /* Pods */,
				6AA10194D16450A449280924 /* Frameworks */,
			);
			sourceTree = "<group>";
		};
		6627FC461C52D5C1002A927F /* YaftDBTests */ = {
			isa = PBXGroup;
			children = (
				6627FC471C52D5C1002A927F /* YaftDBTests.swift */,
				6627FC491C52D5C1002A927F /* Info.plist */,
			);
			path = YaftDBTests;
			sourceTree = "<group>";
		};
		66C736891DB23CB8003DA29F /* Products */ = {
			isa = PBXGroup;
			children = (
				6627FC451C52D5C1002A927F /* YaftDBTests.xctest */,
			);
			name = Products;
			sourceTree = "<group>";
		};
		6AA10194D16450A449280924 /* Frameworks */ = {
			isa = PBXGroup;
			children = (
				5BA8E55CCA429A916564A4B3 /* Pods_YaftDBTests.framework */,
			);
			name = Frameworks;
			sourceTree = "<group>";
		};
		83BBB733B1D53B0F3AC0235B /* Pods */ = {
			isa = PBXGroup;
			children = (
				B81DE6142DB50BC02FCE00A9 /* Pods-YaftDBTests.debug.xcconfig */,
				B86A6E9F30D33021FD53CFC2 /* Pods-YaftDBTests.release.xcconfig */,
			);
			name = Pods;
			sourceTree = "<group>";
		};
/* End PBXGroup section */

/* Begin PBXNativeTarget section */
		6627FC441C52D5C1002A927F /* YaftDBTests */ = {
			isa = PBXNativeTarget;
			buildConfigurationList = 6627FC4A1C52D5C1002A927F /* Build configuration list for PBXNativeTarget "YaftDBTests" */;
			buildPhases = (
				B881A457AE0551CFD6FAE538 /* [CP] Check Pods Manifest.lock */,
				6627FC411C52D5C1002A927F /* Sources */,
				6627FC421C52D5C1002A927F /* Frameworks */,
				6627FC431C52D5C1002A927F /* Resources */,
				0FB2FB571FC77BB8CCC0CBC0 /* [CP] Embed Pods Frameworks */,
				DC61B6D7B12DBC4EF783737B /* [CP] Copy Pods Resources */,
			);
			buildRules = (
			);
			dependencies = (
			);
			name = YaftDBTests;
			productName = YaftDBTests;
			productReference = 6627FC451C52D5C1002A927F /* YaftDBTests.xctest */;
			productType = "com.apple.product-type.bundle.unit-test";
		};
/* End PBXNativeTarget section */

/* Begin PBXProject section */
		607FACC81AFB9204008FA782 /* Project object */ = {
			isa = PBXProject;
			attributes = {
				LastSwiftUpdateCheck = 0720;
				LastUpgradeCheck = 0800;
				ORGANIZATIONNAME = CocoaPods;
				TargetAttributes = {
					6627FC441C52D5C1002A927F = {
						CreatedOnToolsVersion = 7.2;
						LastSwiftMigration = 0800;
					};
				};
			};
			buildConfigurationList = 607FACCB1AFB9204008FA782 /* Build configuration list for PBXProject "YaftDB" */;
			compatibilityVersion = "Xcode 3.2";
			developmentRegion = English;
			hasScannedForEncodings = 0;
			knownRegions = (
				en,
				Base,
			);
			mainGroup = 607FACC71AFB9204008FA782;
			productRefGroup = 66C736891DB23CB8003DA29F /* Products */;
			projectDirPath = "";
			projectRoot = "";
			targets = (
				6627FC441C52D5C1002A927F /* YaftDBTests */,
			);
		};
/* End PBXProject section */

/* Begin PBXResourcesBuildPhase section */
		6627FC431C52D5C1002A927F /* Resources */ = {
			isa = PBXResourcesBuildPhase;
			buildActionMask = 2147483647;
			files = (
			);
			runOnlyForDeploymentPostprocessing = 0;
		};
/* End PBXResourcesBuildPhase section */

/* Begin PBXShellScriptBuildPhase section */
		0FB2FB571FC77BB8CCC0CBC0 /* [CP] Embed Pods Frameworks */ = {
			isa = PBXShellScriptBuildPhase;
			buildActionMask = 2147483647;
			files = (
			);
			inputPaths = (
			);
			name = "[CP] Embed Pods Frameworks";
			outputPaths = (
			);
			runOnlyForDeploymentPostprocessing = 0;
			shellPath = /bin/sh;
			shellScript = "\"${SRCROOT}/Example/Pods/Target Support Files/Pods-YaftDBTests/Pods-YaftDBTests-frameworks.sh\"\n";
			showEnvVarsInLog = 0;
		};
		B881A457AE0551CFD6FAE538 /* [CP] Check Pods Manifest.lock */ = {
			isa = PBXShellScriptBuildPhase;
			buildActionMask = 2147483647;
			files = (
			);
			inputPaths = (
			);
			name = "[CP] Check Pods Manifest.lock";
			outputPaths = (
			);
			runOnlyForDeploymentPostprocessing = 0;
			shellPath = /bin/sh;
			shellScript = "diff \"${PODS_ROOT}/../Podfile.lock\" \"${PODS_ROOT}/Manifest.lock\" > /dev/null\nif [ $? != 0 ] ; then\n    # print error to STDERR\n    echo \"error: The sandbox is not in sync with the Podfile.lock. Run 'pod install' or update your CocoaPods installation.\" >&2\n    exit 1\nfi\n";
			showEnvVarsInLog = 0;
		};
		DC61B6D7B12DBC4EF783737B /* [CP] Copy Pods Resources */ = {
			isa = PBXShellScriptBuildPhase;
			buildActionMask = 2147483647;
			files = (
			);
			inputPaths = (
			);
			name = "[CP] Copy Pods Resources";
			outputPaths = (
			);
			runOnlyForDeploymentPostprocessing = 0;
			shellPath = /bin/sh;
			shellScript = "\"${SRCROOT}/Example/Pods/Target Support Files/Pods-YaftDBTests/Pods-YaftDBTests-resources.sh\"\n";
			showEnvVarsInLog = 0;
		};
/* End PBXShellScriptBuildPhase section */

/* Begin PBXSourcesBuildPhase section */
		6627FC411C52D5C1002A927F /* Sources */ = {
			isa = PBXSourcesBuildPhase;
			buildActionMask = 2147483647;
			files = (
				6627FC481C52D5C1002A927F /* YaftDBTests.swift in Sources */,
			);
			runOnlyForDeploymentPostprocessing = 0;
		};
/* End PBXSourcesBuildPhase section */

/* Begin XCBuildConfiguration section */
		607FACED1AFB9204008FA782 /* Debug */ = {
			isa = XCBuildConfiguration;
			buildSettings = {
				ALWAYS_SEARCH_USER_PATHS = NO;
				CLANG_CXX_LANGUAGE_STANDARD = "gnu++0x";
				CLANG_CXX_LIBRARY = "libc++";
				CLANG_ENABLE_MODULES = YES;
				CLANG_ENABLE_OBJC_ARC = YES;
				CLANG_WARN_BOOL_CONVERSION = YES;
				CLANG_WARN_CONSTANT_CONVERSION = YES;
				CLANG_WARN_DIRECT_OBJC_ISA_USAGE = YES_ERROR;
				CLANG_WARN_EMPTY_BODY = YES;
				CLANG_WARN_ENUM_CONVERSION = YES;
				CLANG_WARN_INFINITE_RECURSION = YES;
				CLANG_WARN_INT_CONVERSION = YES;
				CLANG_WARN_OBJC_ROOT_CLASS = YES_ERROR;
				CLANG_WARN_SUSPICIOUS_MOVE = YES;
				CLANG_WARN_UNREACHABLE_CODE = YES;
				CLANG_WARN__DUPLICATE_METHOD_MATCH = YES;
				"CODE_SIGN_IDENTITY[sdk=iphoneos*]" = "iPhone Developer";
				COPY_PHASE_STRIP = NO;
				DEBUG_INFORMATION_FORMAT = "dwarf-with-dsym";
				ENABLE_STRICT_OBJC_MSGSEND = YES;
				ENABLE_TESTABILITY = YES;
				GCC_C_LANGUAGE_STANDARD = gnu99;
				GCC_DYNAMIC_NO_PIC = NO;
				GCC_NO_COMMON_BLOCKS = YES;
				GCC_OPTIMIZATION_LEVEL = 0;
				GCC_PREPROCESSOR_DEFINITIONS = (
					"DEBUG=1",
					"$(inherited)",
				);
				GCC_SYMBOLS_PRIVATE_EXTERN = NO;
				GCC_WARN_64_TO_32_BIT_CONVERSION = YES;
				GCC_WARN_ABOUT_RETURN_TYPE = YES_ERROR;
				GCC_WARN_UNDECLARED_SELECTOR = YES;
				GCC_WARN_UNINITIALIZED_AUTOS = YES_AGGRESSIVE;
				GCC_WARN_UNUSED_FUNCTION = YES;
				GCC_WARN_UNUSED_VARIABLE = YES;
				IPHONEOS_DEPLOYMENT_TARGET = 8.3;
				MTL_ENABLE_DEBUG_INFO = YES;
				ONLY_ACTIVE_ARCH = YES;
				SDKROOT = iphoneos;
				SWIFT_OPTIMIZATION_LEVEL = "-Onone";
			};
			name = Debug;
		};
		607FACEE1AFB9204008FA782 /* Release */ = {
			isa = XCBuildConfiguration;
			buildSettings = {
				ALWAYS_SEARCH_USER_PATHS = NO;
				CLANG_CXX_LANGUAGE_STANDARD = "gnu++0x";
				CLANG_CXX_LIBRARY = "libc++";
				CLANG_ENABLE_MODULES = YES;
				CLANG_ENABLE_OBJC_ARC = YES;
				CLANG_WARN_BOOL_CONVERSION = YES;
				CLANG_WARN_CONSTANT_CONVERSION = YES;
				CLANG_WARN_DIRECT_OBJC_ISA_USAGE = YES_ERROR;
				CLANG_WARN_EMPTY_BODY = YES;
				CLANG_WARN_ENUM_CONVERSION = YES;
				CLANG_WARN_INFINITE_RECURSION = YES;
				CLANG_WARN_INT_CONVERSION = YES;
				CLANG_WARN_OBJC_ROOT_CLASS = YES_ERROR;
				CLANG_WARN_SUSPICIOUS_MOVE = YES;
				CLANG_WARN_UNREACHABLE_CODE = YES;
				CLANG_WARN__DUPLICATE_METHOD_MATCH = YES;
				"CODE_SIGN_IDENTITY[sdk=iphoneos*]" = "iPhone Developer";
				COPY_PHASE_STRIP = NO;
				DEBUG_INFORMATION_FORMAT = "dwarf-with-dsym";
				ENABLE_NS_ASSERTIONS = NO;
				ENABLE_STRICT_OBJC_MSGSEND = YES;
				GCC_C_LANGUAGE_STANDARD = gnu99;
				GCC_NO_COMMON_BLOCKS = YES;
				GCC_WARN_64_TO_32_BIT_CONVERSION = YES;
				GCC_WARN_ABOUT_RETURN_TYPE = YES_ERROR;
				GCC_WARN_UNDECLARED_SELECTOR = YES;
				GCC_WARN_UNINITIALIZED_AUTOS = YES_AGGRESSIVE;
				GCC_WARN_UNUSED_FUNCTION = YES;
				GCC_WARN_UNUSED_VARIABLE = YES;
				IPHONEOS_DEPLOYMENT_TARGET = 8.3;
				MTL_ENABLE_DEBUG_INFO = NO;
				SDKROOT = iphoneos;
				SWIFT_OPTIMIZATION_LEVEL = "-Owholemodule";
				VALIDATE_PRODUCT = YES;
			};
			name = Release;
		};
		6627FC4B1C52D5C1002A927F /* Debug */ = {
			isa = XCBuildConfiguration;
			baseConfigurationReference = B81DE6142DB50BC02FCE00A9 /* Pods-YaftDBTests.debug.xcconfig */;
			buildSettings = {
				DEBUG_INFORMATION_FORMAT = dwarf;
				INFOPLIST_FILE = YaftDBTests/Info.plist;
				IPHONEOS_DEPLOYMENT_TARGET = 9.2;
				LD_RUNPATH_SEARCH_PATHS = "$(inherited) @executable_path/Frameworks @loader_path/Frameworks";
				PRODUCT_BUNDLE_IDENTIFIER = ru.kolyasev.YaftDBTests;
				PRODUCT_NAME = "$(TARGET_NAME)";
				SWIFT_VERSION = 2.3;
			};
			name = Debug;
		};
		6627FC4C1C52D5C1002A927F /* Release */ = {
			isa = XCBuildConfiguration;
			baseConfigurationReference = B86A6E9F30D33021FD53CFC2 /* Pods-YaftDBTests.release.xcconfig */;
			buildSettings = {
				INFOPLIST_FILE = YaftDBTests/Info.plist;
				IPHONEOS_DEPLOYMENT_TARGET = 9.2;
				LD_RUNPATH_SEARCH_PATHS = "$(inherited) @executable_path/Frameworks @loader_path/Frameworks";
				PRODUCT_BUNDLE_IDENTIFIER = ru.kolyasev.YaftDBTests;
				PRODUCT_NAME = "$(TARGET_NAME)";
				SWIFT_VERSION = 2.3;
			};
			name = Release;
		};
/* End XCBuildConfiguration section */

/* Begin XCConfigurationList section */
		607FACCB1AFB9204008FA782 /* Build configuration list for PBXProject "YaftDB" */ = {
			isa = XCConfigurationList;
			buildConfigurations = (
				607FACED1AFB9204008FA782 /* Debug */,
				607FACEE1AFB9204008FA782 /* Release */,
			);
			defaultConfigurationIsVisible = 0;
			defaultConfigurationName = Release;
		};
		6627FC4A1C52D5C1002A927F /* Build configuration list for PBXNativeTarget "YaftDBTests" */ = {
			isa = XCConfigurationList;
			buildConfigurations = (
				6627FC4B1C52D5C1002A927F /* Debug */,
				6627FC4C1C52D5C1002A927F /* Release */,
			);
			defaultConfigurationIsVisible = 0;
			defaultConfigurationName = Release;
		};
/* End XCConfigurationList section */
	};
	rootObject = 607FACC81AFB9204008FA782 /* Project object */;
}
